
Microsoft Visual Studio Solution File, Format Version 12.00
# Visual Studio 15
VisualStudioVersion = 15.0.26124.0
MinimumVisualStudioVersion = 15.0.26124.0
Project("{F2A71F9B-5D33-465A-A702-920D77279786}") = "euler011", "euler011\euler011.fsproj", "{35B087A0-FF27-4093-A127-48131BB12D5B}"
EndProject
Project("{F2A71F9B-5D33-465A-A702-920D77279786}") = "euler012", "euler012\euler012.fsproj", "{6049B932-D58C-41CE-9F62-F74418F2FD64}"
EndProject
Project("{F2A71F9B-5D33-465A-A702-920D77279786}") = "euler013", "euler013\euler013.fsproj", "{90862A16-3AD7-406A-9832-D9C0D3F8CF0E}"
EndProject
Project("{F2A71F9B-5D33-465A-A702-920D77279786}") = "euler014", "euler014\euler014.fsproj", "{0059AB7A-EF75-43C7-8DCC-E9BA20E6B176}"
EndProject
Global
	GlobalSection(SolutionConfigurationPlatforms) = preSolution
		Debug|Any CPU = Debug|Any CPU
		Debug|x64 = Debug|x64
		Debug|x86 = Debug|x86
		Release|Any CPU = Release|Any CPU
		Release|x64 = Release|x64
		Release|x86 = Release|x86
	EndGlobalSection
	GlobalSection(SolutionProperties) = preSolution
		HideSolutionNode = FALSE
	EndGlobalSection
	GlobalSection(ProjectConfigurationPlatforms) = postSolution
		{35B087A0-FF27-4093-A127-48131BB12D5B}.Debug|Any CPU.ActiveCfg = Debug|Any CPU
		{35B087A0-FF27-4093-A127-48131BB12D5B}.Debug|Any CPU.Build.0 = Debug|Any CPU
		{35B087A0-FF27-4093-A127-48131BB12D5B}.Debug|x64.ActiveCfg = Debug|Any CPU
		{35B087A0-FF27-4093-A127-48131BB12D5B}.Debug|x64.Build.0 = Debug|Any CPU
		{35B087A0-FF27-4093-A127-48131BB12D5B}.Debug|x86.ActiveCfg = Debug|Any CPU
		{35B087A0-FF27-4093-A127-48131BB12D5B}.Debug|x86.Build.0 = Debug|Any CPU
		{35B087A0-FF27-4093-A127-48131BB12D5B}.Release|Any CPU.ActiveCfg = Release|Any CPU
		{35B087A0-FF27-4093-A127-48131BB12D5B}.Release|Any CPU.Build.0 = Release|Any CPU
		{35B087A0-FF27-4093-A127-48131BB12D5B}.Release|x64.ActiveCfg = Release|Any CPU
		{35B087A0-FF27-4093-A127-48131BB12D5B}.Release|x64.Build.0 = Release|Any CPU
		{35B087A0-FF27-4093-A127-48131BB12D5B}.Release|x86.ActiveCfg = Release|Any CPU
		{35B087A0-FF27-4093-A127-48131BB12D5B}.Release|x86.Build.0 = Release|Any CPU
		{6049B932-D58C-41CE-9F62-F74418F2FD64}.Debug|Any CPU.ActiveCfg = Debug|Any CPU
		{6049B932-D58C-41CE-9F62-F74418F2FD64}.Debug|Any CPU.Build.0 = Debug|Any CPU
		{6049B932-D58C-41CE-9F62-F74418F2FD64}.Debug|x64.ActiveCfg = Debug|Any CPU
		{6049B932-D58C-41CE-9F62-F74418F2FD64}.Debug|x64.Build.0 = Debug|Any CPU
		{6049B932-D58C-41CE-9F62-F74418F2FD64}.Debug|x86.ActiveCfg = Debug|Any CPU
		{6049B932-D58C-41CE-9F62-F74418F2FD64}.Debug|x86.Build.0 = Debug|Any CPU
		{6049B932-D58C-41CE-9F62-F74418F2FD64}.Release|Any CPU.ActiveCfg = Release|Any CPU
		{6049B932-D58C-41CE-9F62-F74418F2FD64}.Release|Any CPU.Build.0 = Release|Any CPU
		{6049B932-D58C-41CE-9F62-F74418F2FD64}.Release|x64.ActiveCfg = Release|Any CPU
		{6049B932-D58C-41CE-9F62-F74418F2FD64}.Release|x64.Build.0 = Release|Any CPU
		{6049B932-D58C-41CE-9F62-F74418F2FD64}.Release|x86.ActiveCfg = Release|Any CPU
		{6049B932-D58C-41CE-9F62-F74418F2FD64}.Release|x86.Build.0 = Release|Any CPU
		{90862A16-3AD7-406A-9832-D9C0D3F8CF0E}.Debug|Any CPU.ActiveCfg = Debug|Any CPU
		{90862A16-3AD7-406A-9832-D9C0D3F8CF0E}.Debug|Any CPU.Build.0 = Debug|Any CPU
		{90862A16-3AD7-406A-9832-D9C0D3F8CF0E}.Debug|x64.ActiveCfg = Debug|Any CPU
		{90862A16-3AD7-406A-9832-D9C0D3F8CF0E}.Debug|x64.Build.0 = Debug|Any CPU
		{90862A16-3AD7-406A-9832-D9C0D3F8CF0E}.Debug|x86.ActiveCfg = Debug|Any CPU
		{90862A16-3AD7-406A-9832-D9C0D3F8CF0E}.Debug|x86.Build.0 = Debug|Any CPU
		{90862A16-3AD7-406A-9832-D9C0D3F8CF0E}.Release|Any CPU.ActiveCfg = Release|Any CPU
		{90862A16-3AD7-406A-9832-D9C0D3F8CF0E}.Release|Any CPU.Build.0 = Release|Any CPU
		{90862A16-3AD7-406A-9832-D9C0D3F8CF0E}.Release|x64.ActiveCfg = Release|Any CPU
		{90862A16-3AD7-406A-9832-D9C0D3F8CF0E}.Release|x64.Build.0 = Release|Any CPU
		{90862A16-3AD7-406A-9832-D9C0D3F8CF0E}.Release|x86.ActiveCfg = Release|Any CPU
		{90862A16-3AD7-406A-9832-D9C0D3F8CF0E}.Release|x86.Build.0 = Release|Any CPU
		{0059AB7A-EF75-43C7-8DCC-E9BA20E6B176}.Debug|Any CPU.ActiveCfg = Debug|Any CPU
		{0059AB7A-EF75-43C7-8DCC-E9BA20E6B176}.Debug|Any CPU.Build.0 = Debug|Any CPU
		{0059AB7A-EF75-43C7-8DCC-E9BA20E6B176}.Debug|x64.ActiveCfg = Debug|Any CPU
		{0059AB7A-EF75-43C7-8DCC-E9BA20E6B176}.Debug|x64.Build.0 = Debug|Any CPU
		{0059AB7A-EF75-43C7-8DCC-E9BA20E6B176}.Debug|x86.ActiveCfg = Debug|Any CPU
		{0059AB7A-EF75-43C7-8DCC-E9BA20E6B176}.Debug|x86.Build.0 = Debug|Any CPU
		{0059AB7A-EF75-43C7-8DCC-E9BA20E6B176}.Release|Any CPU.ActiveCfg = Release|Any CPU
		{0059AB7A-EF75-43C7-8DCC-E9BA20E6B176}.Release|Any CPU.Build.0 = Release|Any CPU
		{0059AB7A-EF75-43C7-8DCC-E9BA20E6B176}.Release|x64.ActiveCfg = Release|Any CPU
		{0059AB7A-EF75-43C7-8DCC-E9BA20E6B176}.Release|x64.Build.0 = Release|Any CPU
		{0059AB7A-EF75-43C7-8DCC-E9BA20E6B176}.Release|x86.ActiveCfg = Release|Any CPU
		{0059AB7A-EF75-43C7-8DCC-E9BA20E6B176}.Release|x86.Build.0 = Release|Any CPU
	EndGlobalSection
EndGlobal
